// !$*UTF8*$!
{
	archiveVersion = 1;
	classes = {
	};
	objectVersion = 55;
	objects = {

/* Begin PBXBuildFile section */
		BD631C6128A4363D005BDA29 /* AppDelegate.swift in Sources */ = {isa = PBXBuildFile; fileRef = BD631C6028A4363D005BDA29 /* AppDelegate.swift */; };
		BD631C6328A4363D005BDA29 /* SceneDelegate.swift in Sources */ = {isa = PBXBuildFile; fileRef = BD631C6228A4363D005BDA29 /* SceneDelegate.swift */; };
		BD631C6528A4363D005BDA29 /* ViewController.swift in Sources */ = {isa = PBXBuildFile; fileRef = BD631C6428A4363D005BDA29 /* ViewController.swift */; };
		BD631C6828A4363D005BDA29 /* Main.storyboard in Resources */ = {isa = PBXBuildFile; fileRef = BD631C6628A4363D005BDA29 /* Main.storyboard */; };
		BD631C6B28A4363D005BDA29 /* aboutMe.xcdatamodeld in Sources */ = {isa = PBXBuildFile; fileRef = BD631C6928A4363D005BDA29 /* aboutMe.xcdatamodeld */; };
		BD631C6D28A4363D005BDA29 /* Assets.xcassets in Resources */ = {isa = PBXBuildFile; fileRef = BD631C6C28A4363D005BDA29 /* Assets.xcassets */; };
		BD631C7028A4363D005BDA29 /* LaunchScreen.storyboard in Resources */ = {isa = PBXBuildFile; fileRef = BD631C6E28A4363D005BDA29 /* LaunchScreen.storyboard */; };
		BD631C7B28A4363D005BDA29 /* aboutMeTests.swift in Sources */ = {isa = PBXBuildFile; fileRef = BD631C7A28A4363D005BDA29 /* aboutMeTests.swift */; };
		BD631C8528A4363D005BDA29 /* aboutMeUITests.swift in Sources */ = {isa = PBXBuildFile; fileRef = BD631C8428A4363D005BDA29 /* aboutMeUITests.swift */; };
		BD631C8728A4363D005BDA29 /* aboutMeUITestsLaunchTests.swift in Sources */ = {isa = PBXBuildFile; fileRef = BD631C8628A4363D005BDA29 /* aboutMeUITestsLaunchTests.swift */; };
/* End PBXBuildFile section */

/* Begin PBXContainerItemProxy section */
		BD631C7728A4363D005BDA29 /* PBXContainerItemProxy */ = {
			isa = PBXContainerItemProxy;
			containerPortal = BD631C5528A4363D005BDA29 /* Project object */;
			proxyType = 1;
			remoteGlobalIDString = BD631C5C28A4363D005BDA29;
			remoteInfo = aboutMe;
		};
		BD631C8128A4363D005BDA29 /* PBXContainerItemProxy */ = {
			isa = PBXContainerItemProxy;
			containerPortal = BD631C5528A4363D005BDA29 /* Project object */;
			proxyType = 1;
			remoteGlobalIDString = BD631C5C28A4363D005BDA29;
			remoteInfo = aboutMe;
		};
/* End PBXContainerItemProxy section */

/* Begin PBXFileReference section */
		BD631C5D28A4363D005BDA29 /* aboutMe.app */ = {isa = PBXFileReference; explicitFileType = wrapper.application; includeInIndex = 0; path = aboutMe.app; sourceTree = BUILT_PRODUCTS_DIR; };
		BD631C6028A4363D005BDA29 /* AppDelegate.swift */ = {isa = PBXFileReference; lastKnownFileType = sourcecode.swift; path = AppDelegate.swift; sourceTree = "<group>"; };
		BD631C6228A4363D005BDA29 /* SceneDelegate.swift */ = {isa = PBXFileReference; lastKnownFileType = sourcecode.swift; path = SceneDelegate.swift; sourceTree = "<group>"; };
		BD631C6428A4363D005BDA29 /* ViewController.swift */ = {isa = PBXFileReference; lastKnownFileType = sourcecode.swift; path = ViewController.swift; sourceTree = "<group>"; };
		BD631C6728A4363D005BDA29 /* Base */ = {isa = PBXFileReference; lastKnownFileType = file.storyboard; name = Base; path = Base.lproj/Main.storyboard; sourceTree = "<group>"; };
		BD631C6A28A4363D005BDA29 /* aboutMe.xcdatamodel */ = {isa = PBXFileReference; lastKnownFileType = wrapper.xcdatamodel; path = aboutMe.xcdatamodel; sourceTree = "<group>"; };
		BD631C6C28A4363D005BDA29 /* Assets.xcassets */ = {isa = PBXFileReference; lastKnownFileType = folder.assetcatalog; path = Assets.xcassets; sourceTree = "<group>"; };
		BD631C6F28A4363D005BDA29 /* Base */ = {isa = PBXFileReference; lastKnownFileType = file.storyboard; name = Base; path = Base.lproj/LaunchScreen.storyboard; sourceTree = "<group>"; };
		BD631C7128A4363D005BDA29 /* Info.plist */ = {isa = PBXFileReference; lastKnownFileType = text.plist.xml; path = Info.plist; sourceTree = "<group>"; };
		BD631C7628A4363D005BDA29 /* aboutMeTests.xctest */ = {isa = PBXFileReference; explicitFileType = wrapper.cfbundle; includeInIndex = 0; path = aboutMeTests.xctest; sourceTree = BUILT_PRODUCTS_DIR; };
		BD631C7A28A4363D005BDA29 /* aboutMeTests.swift */ = {isa = PBXFileReference; lastKnownFileType = sourcecode.swift; path = aboutMeTests.swift; sourceTree = "<group>"; };
		BD631C8028A4363D005BDA29 /* aboutMeUITests.xctest */ = {isa = PBXFileReference; explicitFileType = wrapper.cfbundle; includeInIndex = 0; path = aboutMeUITests.xctest; sourceTree = BUILT_PRODUCTS_DIR; };
		BD631C8428A4363D005BDA29 /* aboutMeUITests.swift */ = {isa = PBXFileReference; lastKnownFileType = sourcecode.swift; path = aboutMeUITests.swift; sourceTree = "<group>"; };
		BD631C8628A4363D005BDA29 /* aboutMeUITestsLaunchTests.swift */ = {isa = PBXFileReference; lastKnownFileType = sourcecode.swift; path = aboutMeUITestsLaunchTests.swift; sourceTree = "<group>"; };
/* End PBXFileReference section */

/* Begin PBXFrameworksBuildPhase section */
		BD631C5A28A4363D005BDA29 /* Frameworks */ = {
			isa = PBXFrameworksBuildPhase;
			buildActionMask = 2147483647;
			files = (
			);
			runOnlyForDeploymentPostprocessing = 0;
		};
		BD631C7328A4363D005BDA29 /* Frameworks */ = {
			isa = PBXFrameworksBuildPhase;
			buildActionMask = 2147483647;
			files = (
			);
			runOnlyForDeploymentPostprocessing = 0;
		};
		BD631C7D28A4363D005BDA29 /* Frameworks */ = {
			isa = PBXFrameworksBuildPhase;
			buildActionMask = 2147483647;
			files = (
			);
			runOnlyForDeploymentPostprocessing = 0;
		};
/* End PBXFrameworksBuildPhase section */

/* Begin PBXGroup section */
		BD631C5428A4363D005BDA29 = {
			isa = PBXGroup;
			children = (
				BD631C5F28A4363D005BDA29 /* aboutMe */,
				BD631C7928A4363D005BDA29 /* aboutMeTests */,
				BD631C8328A4363D005BDA29 /* aboutMeUITests */,
				BD631C5E28A4363D005BDA29 /* Products */,
			);
			sourceTree = "<group>";
		};
		BD631C5E28A4363D005BDA29 /* Products */ = {
			isa = PBXGroup;
			children = (
				BD631C5D28A4363D005BDA29 /* aboutMe.app */,
				BD631C7628A4363D005BDA29 /* aboutMeTests.xctest */,
				BD631C8028A4363D005BDA29 /* aboutMeUITests.xctest */,
			);
			name = Products;
			sourceTree = "<group>";
		};
		BD631C5F28A4363D005BDA29 /* aboutMe */ = {
			isa = PBXGroup;
			children = (
				BD631C6028A4363D005BDA29 /* AppDelegate.swift */,
				BD631C6228A4363D005BDA29 /* SceneDelegate.swift */,
				BD631C6428A4363D005BDA29 /* ViewController.swift */,
				BD631C6628A4363D005BDA29 /* Main.storyboard */,
				BD631C6C28A4363D005BDA29 /* Assets.xcassets */,
				BD631C6E28A4363D005BDA29 /* LaunchScreen.storyboard */,
				BD631C7128A4363D005BDA29 /* Info.plist */,
				BD631C6928A4363D005BDA29 /* aboutMe.xcdatamodeld */,
			);
			path = aboutMe;
			sourceTree = "<group>";
		};
		BD631C7928A4363D005BDA29 /* aboutMeTests */ = {
			isa = PBXGroup;
			children = (
				BD631C7A28A4363D005BDA29 /* aboutMeTests.swift */,
			);
			path = aboutMeTests;
			sourceTree = "<group>";
		};
		BD631C8328A4363D005BDA29 /* aboutMeUITests */ = {
			isa = PBXGroup;
			children = (
				BD631C8428A4363D005BDA29 /* aboutMeUITests.swift */,
				BD631C8628A4363D005BDA29 /* aboutMeUITestsLaunchTests.swift */,
			);
			path = aboutMeUITests;
			sourceTree = "<group>";
		};
/* End PBXGroup section */

/* Begin PBXNativeTarget section */
		BD631C5C28A4363D005BDA29 /* aboutMe */ = {
			isa = PBXNativeTarget;
			buildConfigurationList = BD631C8A28A4363D005BDA29 /* Build configuration list for PBXNativeTarget "aboutMe" */;
			buildPhases = (
				BD631C5928A4363D005BDA29 /* Sources */,
				BD631C5A28A4363D005BDA29 /* Frameworks */,
				BD631C5B28A4363D005BDA29 /* Resources */,
			);
			buildRules = (
			);
			dependencies = (
			);
			name = aboutMe;
			productName = aboutMe;
			productReference = BD631C5D28A4363D005BDA29 /* aboutMe.app */;
			productType = "com.apple.product-type.application";
		};
		BD631C7528A4363D005BDA29 /* aboutMeTests */ = {
			isa = PBXNativeTarget;
			buildConfigurationList = BD631C8D28A4363D005BDA29 /* Build configuration list for PBXNativeTarget "aboutMeTests" */;
			buildPhases = (
				BD631C7228A4363D005BDA29 /* Sources */,
				BD631C7328A4363D005BDA29 /* Frameworks */,
				BD631C7428A4363D005BDA29 /* Resources */,
			);
			buildRules = (
			);
			dependencies = (
				BD631C7828A4363D005BDA29 /* PBXTargetDependency */,
			);
			name = aboutMeTests;
			productName = aboutMeTests;
			productReference = BD631C7628A4363D005BDA29 /* aboutMeTests.xctest */;
			productType = "com.apple.product-type.bundle.unit-test";
		};
		BD631C7F28A4363D005BDA29 /* aboutMeUITests */ = {
			isa = PBXNativeTarget;
			buildConfigurationList = BD631C9028A4363D005BDA29 /* Build configuration list for PBXNativeTarget "aboutMeUITests" */;
			buildPhases = (
				BD631C7C28A4363D005BDA29 /* Sources */,
				BD631C7D28A4363D005BDA29 /* Frameworks */,
				BD631C7E28A4363D005BDA29 /* Resources */,
			);
			buildRules = (
			);
			dependencies = (
				BD631C8228A4363D005BDA29 /* PBXTargetDependency */,
			);
			name = aboutMeUITests;
			productName = aboutMeUITests;
			productReference = BD631C8028A4363D005BDA29 /* aboutMeUITests.xctest */;
			productType = "com.apple.product-type.bundle.ui-testing";
		};
/* End PBXNativeTarget section */

/* Begin PBXProject section */
		BD631C5528A4363D005BDA29 /* Project object */ = {
			isa = PBXProject;
			attributes = {
				BuildIndependentTargetsInParallel = 1;
				LastSwiftUpdateCheck = 1340;
				LastUpgradeCheck = 1340;
				TargetAttributes = {
					BD631C5C28A4363D005BDA29 = {
						CreatedOnToolsVersion = 13.4.1;
					};
					BD631C7528A4363D005BDA29 = {
						CreatedOnToolsVersion = 13.4.1;
						TestTargetID = BD631C5C28A4363D005BDA29;
					};
					BD631C7F28A4363D005BDA29 = {
						CreatedOnToolsVersion = 13.4.1;
						TestTargetID = BD631C5C28A4363D005BDA29;
					};
				};
			};
			buildConfigurationList = BD631C5828A4363D005BDA29 /* Build configuration list for PBXProject "aboutMe" */;
			compatibilityVersion = "Xcode 13.0";
			developmentRegion = en;
			hasScannedForEncodings = 0;
			knownRegions = (
				en,
				Base,
			);
			mainGroup = BD631C5428A4363D005BDA29;
			productRefGroup = BD631C5E28A4363D005BDA29 /* Products */;
			projectDirPath = "";
			projectRoot = "";
			targets = (
				BD631C5C28A4363D005BDA29 /* aboutMe */,
				BD631C7528A4363D005BDA29 /* aboutMeTests */,
				BD631C7F28A4363D005BDA29 /* aboutMeUITests */,
			);
		};
/* End PBXProject section */

/* Begin PBXResourcesBuildPhase section */
		BD631C5B28A4363D005BDA29 /* Resources */ = {
			isa = PBXResourcesBuildPhase;
			buildActionMask = 2147483647;
			files = (
				BD631C7028A4363D005BDA29 /* LaunchScreen.storyboard in Resources */,
				BD631C6D28A4363D005BDA29 /* Assets.xcassets in Resources */,
				BD631C6828A4363D005BDA29 /* Main.storyboard in Resources */,
			);
			runOnlyForDeploymentPostprocessing = 0;
		};
		BD631C7428A4363D005BDA29 /* Resources */ = {
			isa = PBXResourcesBuildPhase;
			buildActionMask = 2147483647;
			files = (
			);
			runOnlyForDeploymentPostprocessing = 0;
		};
		BD631C7E28A4363D005BDA29 /* Resources */ = {
			isa = PBXResourcesBuildPhase;
			buildActionMask = 2147483647;
			files = (
			);
			runOnlyForDeploymentPostprocessing = 0;
		};
/* End PBXResourcesBuildPhase section */

/* Begin PBXSourcesBuildPhase section */
		BD631C5928A4363D005BDA29 /* Sources */ = {
			isa = PBXSourcesBuildPhase;
			buildActionMask = 2147483647;
			files = (
				BD631C6528A4363D005BDA29 /* ViewController.swift in Sources */,
				BD631C6B28A4363D005BDA29 /* aboutMe.xcdatamodeld in Sources */,
				BD631C6128A4363D005BDA29 /* AppDelegate.swift in Sources */,
				BD631C6328A4363D005BDA29 /* SceneDelegate.swift in Sources */,
			);
			runOnlyForDeploymentPostprocessing = 0;
		};
		BD631C7228A4363D005BDA29 /* Sources */ = {
			isa = PBXSourcesBuildPhase;
			buildActionMask = 2147483647;
			files = (
				BD631C7B28A4363D005BDA29 /* aboutMeTests.swift in Sources */,
			);
			runOnlyForDeploymentPostprocessing = 0;
		};
		BD631C7C28A4363D005BDA29 /* Sources */ = {
			isa = PBXSourcesBuildPhase;
			buildActionMask = 2147483647;
			files = (
				BD631C8728A4363D005BDA29 /* aboutMeUITestsLaunchTests.swift in Sources */,
				BD631C8528A4363D005BDA29 /* aboutMeUITests.swift in Sources */,
			);
			runOnlyForDeploymentPostprocessing = 0;
		};
/* End PBXSourcesBuildPhase section */

/* Begin PBXTargetDependency section */
		BD631C7828A4363D005BDA29 /* PBXTargetDependency */ = {
			isa = PBXTargetDependency;
			target = BD631C5C28A4363D005BDA29 /* aboutMe */;
			targetProxy = BD631C7728A4363D005BDA29 /* PBXContainerItemProxy */;
		};
		BD631C8228A4363D005BDA29 /* PBXTargetDependency */ = {
			isa = PBXTargetDependency;
			target = BD631C5C28A4363D005BDA29 /* aboutMe */;
			targetProxy = BD631C8128A4363D005BDA29 /* PBXContainerItemProxy */;
		};
/* End PBXTargetDependency section */

/* Begin PBXVariantGroup section */
		BD631C6628A4363D005BDA29 /* Main.storyboard */ = {
			isa = PBXVariantGroup;
			children = (
				BD631C6728A4363D005BDA29 /* Base */,
			);
			name = Main.storyboard;
			sourceTree = "<group>";
		};
		BD631C6E28A4363D005BDA29 /* LaunchScreen.storyboard */ = {
			isa = PBXVariantGroup;
			children = (
				BD631C6F28A4363D005BDA29 /* Base */,
			);
			name = LaunchScreen.storyboard;
			sourceTree = "<group>";
		};
/* End PBXVariantGroup section */

/* Begin XCBuildConfiguration section */
		BD631C8828A4363D005BDA29 /* Debug */ = {
			isa = XCBuildConfiguration;
			buildSettings = {
				ALWAYS_SEARCH_USER_PATHS = NO;
				CLANG_ANALYZER_NONNULL = YES;
				CLANG_ANALYZER_NUMBER_OBJECT_CONVERSION = YES_AGGRESSIVE;
				CLANG_CXX_LANGUAGE_STANDARD = "gnu++17";
				CLANG_ENABLE_MODULES = YES;
				CLANG_ENABLE_OBJC_ARC = YES;
				CLANG_ENABLE_OBJC_WEAK = YES;
				CLANG_WARN_BLOCK_CAPTURE_AUTORELEASING = YES;
				CLANG_WARN_BOOL_CONVERSION = YES;
				CLANG_WARN_COMMA = YES;
				CLANG_WARN_CONSTANT_CONVERSION = YES;
				CLANG_WARN_DEPRECATED_OBJC_IMPLEMENTATIONS = YES;
				CLANG_WARN_DIRECT_OBJC_ISA_USAGE = YES_ERROR;
				CLANG_WARN_DOCUMENTATION_COMMENTS = YES;
				CLANG_WARN_EMPTY_BODY = YES;
				CLANG_WARN_ENUM_CONVERSION = YES;
				CLANG_WARN_INFINITE_RECURSION = YES;
				CLANG_WARN_INT_CONVERSION = YES;
				CLANG_WARN_NON_LITERAL_NULL_CONVERSION = YES;
				CLANG_WARN_OBJC_IMPLICIT_RETAIN_SELF = YES;
				CLANG_WARN_OBJC_LITERAL_CONVERSION = YES;
				CLANG_WARN_OBJC_ROOT_CLASS = YES_ERROR;
				CLANG_WARN_QUOTED_INCLUDE_IN_FRAMEWORK_HEADER = YES;
				CLANG_WARN_RANGE_LOOP_ANALYSIS = YES;
				CLANG_WARN_STRICT_PROTOTYPES = YES;
				CLANG_WARN_SUSPICIOUS_MOVE = YES;
				CLANG_WARN_UNGUARDED_AVAILABILITY = YES_AGGRESSIVE;
				CLANG_WARN_UNREACHABLE_CODE = YES;
				CLANG_WARN__DUPLICATE_METHOD_MATCH = YES;
				COPY_PHASE_STRIP = NO;
				DEBUG_INFORMATION_FORMAT = dwarf;
				ENABLE_STRICT_OBJC_MSGSEND = YES;
				ENABLE_TESTABILITY = YES;
				GCC_C_LANGUAGE_STANDARD = gnu11;
				GCC_DYNAMIC_NO_PIC = NO;
				GCC_NO_COMMON_BLOCKS = YES;
				GCC_OPTIMIZATION_LEVEL = 0;
				GCC_PREPROCESSOR_DEFINITIONS = (
					"DEBUG=1",
					"$(inherited)",
				);
				GCC_WARN_64_TO_32_BIT_CONVERSION = YES;
				GCC_WARN_ABOUT_RETURN_TYPE = YES_ERROR;
				GCC_WARN_UNDECLARED_SELECTOR = YES;
				GCC_WARN_UNINITIALIZED_AUTOS = YES_AGGRESSIVE;
				GCC_WARN_UNUSED_FUNCTION = YES;
				GCC_WARN_UNUSED_VARIABLE = YES;
				IPHONEOS_DEPLOYMENT_TARGET = 15.5;
				MTL_ENABLE_DEBUG_INFO = INCLUDE_SOURCE;
				MTL_FAST_MATH = YES;
				ONLY_ACTIVE_ARCH = YES;
				SDKROOT = iphoneos;
				SWIFT_ACTIVE_COMPILATION_CONDITIONS = DEBUG;
				SWIFT_OPTIMIZATION_LEVEL = "-Onone";
			};
			name = Debug;
		};
		BD631C8928A4363D005BDA29 /* Release */ = {
			isa = XCBuildConfiguration;
			buildSettings = {
				ALWAYS_SEARCH_USER_PATHS = NO;
				CLANG_ANALYZER_NONNULL = YES;
				CLANG_ANALYZER_NUMBER_OBJECT_CONVERSION = YES_AGGRESSIVE;
				CLANG_CXX_LANGUAGE_STANDARD = "gnu++17";
				CLANG_ENABLE_MODULES = YES;
				CLANG_ENABLE_OBJC_ARC = YES;
				CLANG_ENABLE_OBJC_WEAK = YES;
				CLANG_WARN_BLOCK_CAPTURE_AUTORELEASING = YES;
				CLANG_WARN_BOOL_CONVERSION = YES;
				CLANG_WARN_COMMA = YES;
				CLANG_WARN_CONSTANT_CONVERSION = YES;
				CLANG_WARN_DEPRECATED_OBJC_IMPLEMENTATIONS = YES;
				CLANG_WARN_DIRECT_OBJC_ISA_USAGE = YES_ERROR;
				CLANG_WARN_DOCUMENTATION_COMMENTS = YES;
				CLANG_WARN_EMPTY_BODY = YES;
				CLANG_WARN_ENUM_CONVERSION = YES;
				CLANG_WARN_INFINITE_RECURSION = YES;
				CLANG_WARN_INT_CONVERSION = YES;
				CLANG_WARN_NON_LITERAL_NULL_CONVERSION = YES;
				CLANG_WARN_OBJC_IMPLICIT_RETAIN_SELF = YES;
				CLANG_WARN_OBJC_LITERAL_CONVERSION = YES;
				CLANG_WARN_OBJC_ROOT_CLASS = YES_ERROR;
				CLANG_WARN_QUOTED_INCLUDE_IN_FRAMEWORK_HEADER = YES;
				CLANG_WARN_RANGE_LOOP_ANALYSIS = YES;
				CLANG_WARN_STRICT_PROTOTYPES = YES;
				CLANG_WARN_SUSPICIOUS_MOVE = YES;
				CLANG_WARN_UNGUARDED_AVAILABILITY = YES_AGGRESSIVE;
				CLANG_WARN_UNREACHABLE_CODE = YES;
				CLANG_WARN__DUPLICATE_METHOD_MATCH = YES;
				COPY_PHASE_STRIP = NO;
				DEBUG_INFORMATION_FORMAT = "dwarf-with-dsym";
				ENABLE_NS_ASSERTIONS = NO;
				ENABLE_STRICT_OBJC_MSGSEND = YES;
				GCC_C_LANGUAGE_STANDARD = gnu11;
				GCC_NO_COMMON_BLOCKS = YES;
				GCC_WARN_64_TO_32_BIT_CONVERSION = YES;
				GCC_WARN_ABOUT_RETURN_TYPE = YES_ERROR;
				GCC_WARN_UNDECLARED_SELECTOR = YES;
				GCC_WARN_UNINITIALIZED_AUTOS = YES_AGGRESSIVE;
				GCC_WARN_UNUSED_FUNCTION = YES;
				GCC_WARN_UNUSED_VARIABLE = YES;
				IPHONEOS_DEPLOYMENT_TARGET = 15.5;
				MTL_ENABLE_DEBUG_INFO = NO;
				MTL_FAST_MATH = YES;
				SDKROOT = iphoneos;
				SWIFT_COMPILATION_MODE = wholemodule;
				SWIFT_OPTIMIZATION_LEVEL = "-O";
				VALIDATE_PRODUCT = YES;
			};
			name = Release;
		};
		BD631C8B28A4363D005BDA29 /* Debug */ = {
			isa = XCBuildConfiguration;
			buildSettings = {
				ASSETCATALOG_COMPILER_APPICON_NAME = AppIcon;
				ASSETCATALOG_COMPILER_GLOBAL_ACCENT_COLOR_NAME = AccentColor;
				CODE_SIGN_STYLE = Automatic;
				CURRENT_PROJECT_VERSION = 1;
				GENERATE_INFOPLIST_FILE = YES;
				INFOPLIST_FILE = aboutMe/Info.plist;
				INFOPLIST_KEY_UIApplicationSupportsIndirectInputEvents = YES;
				INFOPLIST_KEY_UILaunchStoryboardName = LaunchScreen;
				INFOPLIST_KEY_UIMainStoryboardFile = Main;
				INFOPLIST_KEY_UISupportedInterfaceOrientations_iPad = "UIInterfaceOrientationPortrait UIInterfaceOrientationPortraitUpsideDown UIInterfaceOrientationLandscapeLeft UIInterfaceOrientationLandscapeRight";
				INFOPLIST_KEY_UISupportedInterfaceOrientations_iPhone = "UIInterfaceOrientationPortrait UIInterfaceOrientationLandscapeLeft UIInterfaceOrientationLandscapeRight";
				LD_RUNPATH_SEARCH_PATHS = (
					"$(inherited)",
					"@executable_path/Frameworks",
				);
				MARKETING_VERSION = 1.0;
				PRODUCT_BUNDLE_IDENTIFIER = kwk.aboutMe;
				PRODUCT_NAME = "$(TARGET_NAME)";
				SWIFT_EMIT_LOC_STRINGS = YES;
				SWIFT_VERSION = 5.0;
				TARGETED_DEVICE_FAMILY = "1,2";
			};
			name = Debug;
		};
		BD631C8C28A4363D005BDA29 /* Release */ = {
			isa = XCBuildConfiguration;
			buildSettings = {
				ASSETCATALOG_COMPILER_APPICON_NAME = AppIcon;
				ASSETCATALOG_COMPILER_GLOBAL_ACCENT_COLOR_NAME = AccentColor;
				CODE_SIGN_STYLE = Automatic;
				CURRENT_PROJECT_VERSION = 1;
				GENERATE_INFOPLIST_FILE = YES;
				INFOPLIST_FILE = aboutMe/Info.plist;
				INFOPLIST_KEY_UIApplicationSupportsIndirectInputEvents = YES;
				INFOPLIST_KEY_UILaunchStoryboardName = LaunchScreen;
				INFOPLIST_KEY_UIMainStoryboardFile = Main;
				INFOPLIST_KEY_UISupportedInterfaceOrientations_iPad = "UIInterfaceOrientationPortrait UIInterfaceOrientationPortraitUpsideDown UIInterfaceOrientationLandscapeLeft UIInterfaceOrientationLandscapeRight";
				INFOPLIST_KEY_UISupportedInterfaceOrientations_iPhone = "UIInterfaceOrientationPortrait UIInterfaceOrientationLandscapeLeft UIInterfaceOrientationLandscapeRight";
				LD_RUNPATH_SEARCH_PATHS = (
					"$(inherited)",
					"@executable_path/Frameworks",
				);
				MARKETING_VERSION = 1.0;
				PRODUCT_BUNDLE_IDENTIFIER = kwk.aboutMe;
				PRODUCT_NAME = "$(TARGET_NAME)";
				SWIFT_EMIT_LOC_STRINGS = YES;
				SWIFT_VERSION = 5.0;
				TARGETED_DEVICE_FAMILY = "1,2";
			};
			name = Release;
		};
		BD631C8E28A4363D005BDA29 /* Debug */ = {
			isa = XCBuildConfiguration;
			buildSettings = {
				ALWAYS_EMBED_SWIFT_STANDARD_LIBRARIES = YES;
				BUNDLE_LOADER = "$(TEST_HOST)";
				CODE_SIGN_STYLE = Automatic;
				CURRENT_PROJECT_VERSION = 1;
				GENERATE_INFOPLIST_FILE = YES;
				IPHONEOS_DEPLOYMENT_TARGET = 15.5;
				MARKETING_VERSION = 1.0;
				PRODUCT_BUNDLE_IDENTIFIER = kwk.aboutMeTests;
				PRODUCT_NAME = "$(TARGET_NAME)";
				SWIFT_EMIT_LOC_STRINGS = NO;
				SWIFT_VERSION = 5.0;
				TARGETED_DEVICE_FAMILY = "1,2";
				TEST_HOST = "$(BUILT_PRODUCTS_DIR)/aboutMe.app/aboutMe";
			};
			name = Debug;
		};
		BD631C8F28A4363D005BDA29 /* Release */ = {
			isa = XCBuildConfiguration;
			buildSettings = {
				ALWAYS_EMBED_SWIFT_STANDARD_LIBRARIES = YES;
				BUNDLE_LOADER = "$(TEST_HOST)";
				CODE_SIGN_STYLE = Automatic;
				CURRENT_PROJECT_VERSION = 1;
				GENERATE_INFOPLIST_FILE = YES;
				IPHONEOS_DEPLOYMENT_TARGET = 15.5;
				MARKETING_VERSION = 1.0;
				PRODUCT_BUNDLE_IDENTIFIER = kwk.aboutMeTests;
				PRODUCT_NAME = "$(TARGET_NAME)";
				SWIFT_EMIT_LOC_STRINGS = NO;
				SWIFT_VERSION = 5.0;
				TARGETED_DEVICE_FAMILY = "1,2";
				TEST_HOST = "$(BUILT_PRODUCTS_DIR)/aboutMe.app/aboutMe";
			};
			name = Release;
		};
		BD631C9128A4363D005BDA29 /* Debug */ = {
			isa = XCBuildConfiguration;
			buildSettings = {
				ALWAYS_EMBED_SWIFT_STANDARD_LIBRARIES = YES;
				CODE_SIGN_STYLE = Automatic;
				CURRENT_PROJECT_VERSION = 1;
				GENERATE_INFOPLIST_FILE = YES;
				MARKETING_VERSION = 1.0;
				PRODUCT_BUNDLE_IDENTIFIER = kwk.aboutMeUITests;
				PRODUCT_NAME = "$(TARGET_NAME)";
				SWIFT_EMIT_LOC_STRINGS = NO;
				SWIFT_VERSION = 5.0;
				TARGETED_DEVICE_FAMILY = "1,2";
				TEST_TARGET_NAME = aboutMe;
			};
			name = Debug;
		};
		BD631C9228A4363D005BDA29 /* Release */ = {
			isa = XCBuildConfiguration;
			buildSettings = {
				ALWAYS_EMBED_SWIFT_STANDARD_LIBRARIES = YES;
				CODE_SIGN_STYLE = Automatic;
				CURRENT_PROJECT_VERSION = 1;
				GENERATE_INFOPLIST_FILE = YES;
				MARKETING_VERSION = 1.0;
				PRODUCT_BUNDLE_IDENTIFIER = kwk.aboutMeUITests;
				PRODUCT_NAME = "$(TARGET_NAME)";
				SWIFT_EMIT_LOC_STRINGS = NO;
				SWIFT_VERSION = 5.0;
				TARGETED_DEVICE_FAMILY = "1,2";
				TEST_TARGET_NAME = aboutMe;
			};
			name = Release;
		};
/* End XCBuildConfiguration section */

/* Begin XCConfigurationList section */
		BD631C5828A4363D005BDA29 /* Build configuration list for PBXProject "aboutMe" */ = {
			isa = XCConfigurationList;
			buildConfigurations = (
				BD631C8828A4363D005BDA29 /* Debug */,
				BD631C8928A4363D005BDA29 /* Release */,
			);
			defaultConfigurationIsVisible = 0;
			defaultConfigurationName = Release;
		};
		BD631C8A28A4363D005BDA29 /* Build configuration list for PBXNativeTarget "aboutMe" */ = {
			isa = XCConfigurationList;
			buildConfigurations = (
				BD631C8B28A4363D005BDA29 /* Debug */,
				BD631C8C28A4363D005BDA29 /* Release */,
			);
			defaultConfigurationIsVisible = 0;
			defaultConfigurationName = Release;
		};
		BD631C8D28A4363D005BDA29 /* Build configuration list for PBXNativeTarget "aboutMeTests" */ = {
			isa = XCConfigurationList;
			buildConfigurations = (
				BD631C8E28A4363D005BDA29 /* Debug */,
				BD631C8F28A4363D005BDA29 /* Release */,
			);
			defaultConfigurationIsVisible = 0;
			defaultConfigurationName = Release;
		};
		BD631C9028A4363D005BDA29 /* Build configuration list for PBXNativeTarget "aboutMeUITests" */ = {
			isa = XCConfigurationList;
			buildConfigurations = (
				BD631C9128A4363D005BDA29 /* Debug */,
				BD631C9228A4363D005BDA29 /* Release */,
			);
			defaultConfigurationIsVisible = 0;
			defaultConfigurationName = Release;
		};
/* End XCConfigurationList section */

/* Begin XCVersionGroup section */
		BD631C6928A4363D005BDA29 /* aboutMe.xcdatamodeld */ = {
			isa = XCVersionGroup;
			children = (
				BD631C6A28A4363D005BDA29 /* aboutMe.xcdatamodel */,
			);
			currentVersion = BD631C6A28A4363D005BDA29 /* aboutMe.xcdatamodel */;
			path = aboutMe.xcdatamodeld;
			sourceTree = "<group>";
			versionGroupType = wrapper.xcdatamodel;
		};
/* End XCVersionGroup section */
	};
	rootObject = BD631C5528A4363D005BDA29 /* Project object */;
}
